
Microsoft Visual Studio Solution File, Format Version 12.00
# Visual Studio Version 17
VisualStudioVersion = 17.8.34511.84
MinimumVisualStudioVersion = 10.0.40219.1
Project("{9A19103F-16F7-4668-BE54-9A1E7A4F7556}") = "SingASongProuctServices", "SingASongProuctServices\SingASongProuctServices.csproj", "{7AAD0577-C5E9-4EA7-B561-B046D287C411}"
EndProject
Project("{9A19103F-16F7-4668-BE54-9A1E7A4F7556}") = "DataService", "DataService\DataService.csproj", "{48A4C317-1646-4CDA-97B8-728FDB51FD5C}"
EndProject
Project("{FAE04EC0-301F-11D3-BF4B-00C04F79EFBC}") = "IdentityHubService", "IdentityHubService\IdentityHubService.csproj", "{E28FD816-3BC1-4B50-A7D5-A40230A0D62C}"
EndProject
Project("{FAE04EC0-301F-11D3-BF4B-00C04F79EFBC}") = "CatalogueService", "CatalogueService\CatalogueService.csproj", "{B044B685-B03C-40E1-9CC0-91E76DB6FD45}"
EndProject
Global
	GlobalSection(SolutionConfigurationPlatforms) = preSolution
		Debug|Any CPU = Debug|Any CPU
		Release|Any CPU = Release|Any CPU
	EndGlobalSection
	GlobalSection(ProjectConfigurationPlatforms) = postSolution
		{7AAD0577-C5E9-4EA7-B561-B046D287C411}.Debug|Any CPU.ActiveCfg = Debug|Any CPU
		{7AAD0577-C5E9-4EA7-B561-B046D287C411}.Debug|Any CPU.Build.0 = Debug|Any CPU
		{7AAD0577-C5E9-4EA7-B561-B046D287C411}.Release|Any CPU.ActiveCfg = Release|Any CPU
		{7AAD0577-C5E9-4EA7-B561-B046D287C411}.Release|Any CPU.Build.0 = Release|Any CPU
		{48A4C317-1646-4CDA-97B8-728FDB51FD5C}.Debug|Any CPU.ActiveCfg = Debug|Any CPU
		{48A4C317-1646-4CDA-97B8-728FDB51FD5C}.Debug|Any CPU.Build.0 = Debug|Any CPU
		{48A4C317-1646-4CDA-97B8-728FDB51FD5C}.Release|Any CPU.ActiveCfg = Release|Any CPU
		{48A4C317-1646-4CDA-97B8-728FDB51FD5C}.Release|Any CPU.Build.0 = Release|Any CPU
		{E28FD816-3BC1-4B50-A7D5-A40230A0D62C}.Debug|Any CPU.ActiveCfg = Debug|Any CPU
		{E28FD816-3BC1-4B50-A7D5-A40230A0D62C}.Debug|Any CPU.Build.0 = Debug|Any CPU
		{E28FD816-3BC1-4B50-A7D5-A40230A0D62C}.Release|Any CPU.ActiveCfg = Release|Any CPU
		{E28FD816-3BC1-4B50-A7D5-A40230A0D62C}.Release|Any CPU.Build.0 = Release|Any CPU
		{B044B685-B03C-40E1-9CC0-91E76DB6FD45}.Debug|Any CPU.ActiveCfg = Debug|Any CPU
		{B044B685-B03C-40E1-9CC0-91E76DB6FD45}.Debug|Any CPU.Build.0 = Debug|Any CPU
		{B044B685-B03C-40E1-9CC0-91E76DB6FD45}.Release|Any CPU.ActiveCfg = Release|Any CPU
		{B044B685-B03C-40E1-9CC0-91E76DB6FD45}.Release|Any CPU.Build.0 = Release|Any CPU
	EndGlobalSection
	GlobalSection(SolutionProperties) = preSolution
		HideSolutionNode = FALSE
	EndGlobalSection
	GlobalSection(ExtensibilityGlobals) = postSolution
		SolutionGuid = {97C075FC-3F56-4BCA-BA79-C2E6307789C5}
	EndGlobalSection
EndGlobal
